{
  "name": "chat",
  "version": "1.0.0",
  "lockfileVersion": 3,
  "requires": true,
  "packages": {
    "": {
      "name": "chat",
      "version": "1.0.0",
      "license": "ISC",
      "dependencies": {
        "antlr4": "^4.12.0-beta.1"
      }
    },
    "node_modules/antlr4": {
      "version": "4.12.0-beta.1",
      "resolved": "https://registry.npmjs.org/antlr4/-/antlr4-4.12.0-beta.1.tgz",
      "integrity": "sha512-cl/cMUKdRiBEY+KmZaNRnu5ZkESO+M38GQ+0QU3plgjaSpN50pqs1uhNieveoG3STQRQk9cr7eNATtI8cUaPUA==",
      "engines": {
        "node": ">=16"
      }
    }
  }
}
